// !$*UTF8*$!
{
	archiveVersion = 1;
	classes = {
	};
	objectVersion = 56;
	objects = {

/* Begin PBXBuildFile section */
		0F3E9EAE2B8F8E650053EE62 /* TVMazeAppApp.swift in Sources */ = {isa = PBXBuildFile; fileRef = 0F3E9EAD2B8F8E650053EE62 /* TVMazeAppApp.swift */; };
		0F3E9EB02B8F8E650053EE62 /* TVShowListView.swift in Sources */ = {isa = PBXBuildFile; fileRef = 0F3E9EAF2B8F8E650053EE62 /* TVShowListView.swift */; };
		0F3E9EB22B8F8E670053EE62 /* Assets.xcassets in Resources */ = {isa = PBXBuildFile; fileRef = 0F3E9EB12B8F8E670053EE62 /* Assets.xcassets */; };
		0F3E9EB52B8F8E670053EE62 /* Preview Assets.xcassets in Resources */ = {isa = PBXBuildFile; fileRef = 0F3E9EB42B8F8E670053EE62 /* Preview Assets.xcassets */; };
		0F3E9EBF2B8F8E670053EE62 /* TVMazeAppTests.swift in Sources */ = {isa = PBXBuildFile; fileRef = 0F3E9EBE2B8F8E670053EE62 /* TVMazeAppTests.swift */; };
		0F3E9EC92B8F8E670053EE62 /* TVMazeAppUITests.swift in Sources */ = {isa = PBXBuildFile; fileRef = 0F3E9EC82B8F8E670053EE62 /* TVMazeAppUITests.swift */; };
		0F3E9ECB2B8F8E670053EE62 /* TVMazeAppUITestsLaunchTests.swift in Sources */ = {isa = PBXBuildFile; fileRef = 0F3E9ECA2B8F8E670053EE62 /* TVMazeAppUITestsLaunchTests.swift */; };
		0F3E9ED92B8F911A0053EE62 /* TVShowModel.swift in Sources */ = {isa = PBXBuildFile; fileRef = 0F3E9ED82B8F911A0053EE62 /* TVShowModel.swift */; };
		0F3E9EDB2B8F92D20053EE62 /* MockData.swift in Sources */ = {isa = PBXBuildFile; fileRef = 0F3E9EDA2B8F92D20053EE62 /* MockData.swift */; };
		0F3E9EDE2B8F9C910053EE62 /* TVShowDetailView.swift in Sources */ = {isa = PBXBuildFile; fileRef = 0F3E9EDD2B8F9C910053EE62 /* TVShowDetailView.swift */; };
		0F3E9EE12B8FA7200053EE62 /* BackgroundView.swift in Sources */ = {isa = PBXBuildFile; fileRef = 0F3E9EE02B8FA7200053EE62 /* BackgroundView.swift */; };
		0F3E9EE52B8FB3F40053EE62 /* NetworkManager.swift in Sources */ = {isa = PBXBuildFile; fileRef = 0F3E9EE42B8FB3F40053EE62 /* NetworkManager.swift */; };
		0F3E9EE82B8FB4470053EE62 /* CustomError.swift in Sources */ = {isa = PBXBuildFile; fileRef = 0F3E9EE72B8FB4470053EE62 /* CustomError.swift */; };
		0F3E9EEA2B8FC33C0053EE62 /* TVShowCellView.swift in Sources */ = {isa = PBXBuildFile; fileRef = 0F3E9EE92B8FC33C0053EE62 /* TVShowCellView.swift */; };
		0F3E9EEC2B8FC42A0053EE62 /* TVShowViewModel.swift in Sources */ = {isa = PBXBuildFile; fileRef = 0F3E9EEB2B8FC42A0053EE62 /* TVShowViewModel.swift */; };
		0F3E9EEE2B8FC4740053EE62 /* AlertContext.swift in Sources */ = {isa = PBXBuildFile; fileRef = 0F3E9EED2B8FC4740053EE62 /* AlertContext.swift */; };
		0F3E9EF12B8FC5DC0053EE62 /* LoadingView.swift in Sources */ = {isa = PBXBuildFile; fileRef = 0F3E9EF02B8FC5DC0053EE62 /* LoadingView.swift */; };
		0F3E9EF32B8FCE860053EE62 /* RemoteImage.swift in Sources */ = {isa = PBXBuildFile; fileRef = 0F3E9EF22B8FCE850053EE62 /* RemoteImage.swift */; };
		0F3E9EFD2B8FE1D60053EE62 /* String+Extensions.swift in Sources */ = {isa = PBXBuildFile; fileRef = 0F3E9EFC2B8FE1D60053EE62 /* String+Extensions.swift */; };
		0FB07C5B2B936CBC00C6DA3E /* PersonModel.swift in Sources */ = {isa = PBXBuildFile; fileRef = 0FB07C5A2B936CBC00C6DA3E /* PersonModel.swift */; };
		0FB07C5D2B936F0900C6DA3E /* PersonViewModel.swift in Sources */ = {isa = PBXBuildFile; fileRef = 0FB07C5C2B936F0900C6DA3E /* PersonViewModel.swift */; };
		0FB07C5F2B93723D00C6DA3E /* PersonCellView.swift in Sources */ = {isa = PBXBuildFile; fileRef = 0FB07C5E2B93723D00C6DA3E /* PersonCellView.swift */; };
		0FB07C612B93726F00C6DA3E /* PersonDetailView.swift in Sources */ = {isa = PBXBuildFile; fileRef = 0FB07C602B93726F00C6DA3E /* PersonDetailView.swift */; };
		0FD53C272B90BB4000BC21F9 /* SeasonsListView.swift in Sources */ = {isa = PBXBuildFile; fileRef = 0FD53C262B90BB4000BC21F9 /* SeasonsListView.swift */; };
		0FD53C292B90CD6700BC21F9 /* SeasonModel.swift in Sources */ = {isa = PBXBuildFile; fileRef = 0FD53C282B90CD6700BC21F9 /* SeasonModel.swift */; };
		0FD53C2B2B90D43E00BC21F9 /* EpisodesListView.swift in Sources */ = {isa = PBXBuildFile; fileRef = 0FD53C2A2B90D43E00BC21F9 /* EpisodesListView.swift */; };
		0FD53C2D2B90F18A00BC21F9 /* EpisodesModel.swift in Sources */ = {isa = PBXBuildFile; fileRef = 0FD53C2C2B90F18A00BC21F9 /* EpisodesModel.swift */; };
		0FD53C2F2B90F6D100BC21F9 /* EpisodeDetailView.swift in Sources */ = {isa = PBXBuildFile; fileRef = 0FD53C2E2B90F6D100BC21F9 /* EpisodeDetailView.swift */; };
		0FDA05D12B910D0300E36AD8 /* TVMazeTabView.swift in Sources */ = {isa = PBXBuildFile; fileRef = 0FDA05D02B910D0300E36AD8 /* TVMazeTabView.swift */; };
		0FDA05D32B910D6200E36AD8 /* FavoritesListView.swift in Sources */ = {isa = PBXBuildFile; fileRef = 0FDA05D22B910D6200E36AD8 /* FavoritesListView.swift */; };
		0FDA05D62B910D8D00E36AD8 /* PeopleListView.swift in Sources */ = {isa = PBXBuildFile; fileRef = 0FDA05D52B910D8D00E36AD8 /* PeopleListView.swift */; };
		0FDA05D92B9112C600E36AD8 /* FavoriteViewModel.swift in Sources */ = {isa = PBXBuildFile; fileRef = 0FDA05D82B9112C600E36AD8 /* FavoriteViewModel.swift */; };
/* End PBXBuildFile section */

/* Begin PBXContainerItemProxy section */
		0F3E9EBB2B8F8E670053EE62 /* PBXContainerItemProxy */ = {
			isa = PBXContainerItemProxy;
			containerPortal = 0F3E9EA22B8F8E650053EE62 /* Project object */;
			proxyType = 1;
			remoteGlobalIDString = 0F3E9EA92B8F8E650053EE62;
			remoteInfo = TVMazeApp;
		};
		0F3E9EC52B8F8E670053EE62 /* PBXContainerItemProxy */ = {
			isa = PBXContainerItemProxy;
			containerPortal = 0F3E9EA22B8F8E650053EE62 /* Project object */;
			proxyType = 1;
			remoteGlobalIDString = 0F3E9EA92B8F8E650053EE62;
			remoteInfo = TVMazeApp;
		};
/* End PBXContainerItemProxy section */

/* Begin PBXFileReference section */
		0F3E9EAA2B8F8E650053EE62 /* TVMazeApp.app */ = {isa = PBXFileReference; explicitFileType = wrapper.application; includeInIndex = 0; path = TVMazeApp.app; sourceTree = BUILT_PRODUCTS_DIR; };
		0F3E9EAD2B8F8E650053EE62 /* TVMazeAppApp.swift */ = {isa = PBXFileReference; lastKnownFileType = sourcecode.swift; path = TVMazeAppApp.swift; sourceTree = "<group>"; };
		0F3E9EAF2B8F8E650053EE62 /* TVShowListView.swift */ = {isa = PBXFileReference; lastKnownFileType = sourcecode.swift; path = TVShowListView.swift; sourceTree = "<group>"; };
		0F3E9EB12B8F8E670053EE62 /* Assets.xcassets */ = {isa = PBXFileReference; lastKnownFileType = folder.assetcatalog; path = Assets.xcassets; sourceTree = "<group>"; };
		0F3E9EB42B8F8E670053EE62 /* Preview Assets.xcassets */ = {isa = PBXFileReference; lastKnownFileType = folder.assetcatalog; path = "Preview Assets.xcassets"; sourceTree = "<group>"; };
		0F3E9EBA2B8F8E670053EE62 /* TVMazeAppTests.xctest */ = {isa = PBXFileReference; explicitFileType = wrapper.cfbundle; includeInIndex = 0; path = TVMazeAppTests.xctest; sourceTree = BUILT_PRODUCTS_DIR; };
		0F3E9EBE2B8F8E670053EE62 /* TVMazeAppTests.swift */ = {isa = PBXFileReference; lastKnownFileType = sourcecode.swift; path = TVMazeAppTests.swift; sourceTree = "<group>"; };
		0F3E9EC42B8F8E670053EE62 /* TVMazeAppUITests.xctest */ = {isa = PBXFileReference; explicitFileType = wrapper.cfbundle; includeInIndex = 0; path = TVMazeAppUITests.xctest; sourceTree = BUILT_PRODUCTS_DIR; };
		0F3E9EC82B8F8E670053EE62 /* TVMazeAppUITests.swift */ = {isa = PBXFileReference; lastKnownFileType = sourcecode.swift; path = TVMazeAppUITests.swift; sourceTree = "<group>"; };
		0F3E9ECA2B8F8E670053EE62 /* TVMazeAppUITestsLaunchTests.swift */ = {isa = PBXFileReference; lastKnownFileType = sourcecode.swift; path = TVMazeAppUITestsLaunchTests.swift; sourceTree = "<group>"; };
		0F3E9ED82B8F911A0053EE62 /* TVShowModel.swift */ = {isa = PBXFileReference; lastKnownFileType = sourcecode.swift; path = TVShowModel.swift; sourceTree = "<group>"; };
		0F3E9EDA2B8F92D20053EE62 /* MockData.swift */ = {isa = PBXFileReference; lastKnownFileType = sourcecode.swift; path = MockData.swift; sourceTree = "<group>"; };
		0F3E9EDD2B8F9C910053EE62 /* TVShowDetailView.swift */ = {isa = PBXFileReference; lastKnownFileType = sourcecode.swift; path = TVShowDetailView.swift; sourceTree = "<group>"; };
		0F3E9EE02B8FA7200053EE62 /* BackgroundView.swift */ = {isa = PBXFileReference; lastKnownFileType = sourcecode.swift; path = BackgroundView.swift; sourceTree = "<group>"; };
		0F3E9EE42B8FB3F40053EE62 /* NetworkManager.swift */ = {isa = PBXFileReference; lastKnownFileType = sourcecode.swift; path = NetworkManager.swift; sourceTree = "<group>"; };
		0F3E9EE72B8FB4470053EE62 /* CustomError.swift */ = {isa = PBXFileReference; lastKnownFileType = sourcecode.swift; path = CustomError.swift; sourceTree = "<group>"; };
		0F3E9EE92B8FC33C0053EE62 /* TVShowCellView.swift */ = {isa = PBXFileReference; lastKnownFileType = sourcecode.swift; path = TVShowCellView.swift; sourceTree = "<group>"; };
		0F3E9EEB2B8FC42A0053EE62 /* TVShowViewModel.swift */ = {isa = PBXFileReference; lastKnownFileType = sourcecode.swift; path = TVShowViewModel.swift; sourceTree = "<group>"; };
		0F3E9EED2B8FC4740053EE62 /* AlertContext.swift */ = {isa = PBXFileReference; lastKnownFileType = sourcecode.swift; path = AlertContext.swift; sourceTree = "<group>"; };
		0F3E9EF02B8FC5DC0053EE62 /* LoadingView.swift */ = {isa = PBXFileReference; lastKnownFileType = sourcecode.swift; path = LoadingView.swift; sourceTree = "<group>"; };
		0F3E9EF22B8FCE850053EE62 /* RemoteImage.swift */ = {isa = PBXFileReference; lastKnownFileType = sourcecode.swift; path = RemoteImage.swift; sourceTree = "<group>"; };
		0F3E9EFC2B8FE1D60053EE62 /* String+Extensions.swift */ = {isa = PBXFileReference; lastKnownFileType = sourcecode.swift; path = "String+Extensions.swift"; sourceTree = "<group>"; };
		0FB07C5A2B936CBC00C6DA3E /* PersonModel.swift */ = {isa = PBXFileReference; lastKnownFileType = sourcecode.swift; path = PersonModel.swift; sourceTree = "<group>"; };
		0FB07C5C2B936F0900C6DA3E /* PersonViewModel.swift */ = {isa = PBXFileReference; lastKnownFileType = sourcecode.swift; path = PersonViewModel.swift; sourceTree = "<group>"; };
		0FB07C5E2B93723D00C6DA3E /* PersonCellView.swift */ = {isa = PBXFileReference; lastKnownFileType = sourcecode.swift; path = PersonCellView.swift; sourceTree = "<group>"; };
		0FB07C602B93726F00C6DA3E /* PersonDetailView.swift */ = {isa = PBXFileReference; lastKnownFileType = sourcecode.swift; path = PersonDetailView.swift; sourceTree = "<group>"; };
		0FD53C262B90BB4000BC21F9 /* SeasonsListView.swift */ = {isa = PBXFileReference; lastKnownFileType = sourcecode.swift; path = SeasonsListView.swift; sourceTree = "<group>"; };
		0FD53C282B90CD6700BC21F9 /* SeasonModel.swift */ = {isa = PBXFileReference; lastKnownFileType = sourcecode.swift; path = SeasonModel.swift; sourceTree = "<group>"; };
		0FD53C2A2B90D43E00BC21F9 /* EpisodesListView.swift */ = {isa = PBXFileReference; lastKnownFileType = sourcecode.swift; path = EpisodesListView.swift; sourceTree = "<group>"; };
		0FD53C2C2B90F18A00BC21F9 /* EpisodesModel.swift */ = {isa = PBXFileReference; lastKnownFileType = sourcecode.swift; path = EpisodesModel.swift; sourceTree = "<group>"; };
		0FD53C2E2B90F6D100BC21F9 /* EpisodeDetailView.swift */ = {isa = PBXFileReference; lastKnownFileType = sourcecode.swift; path = EpisodeDetailView.swift; sourceTree = "<group>"; };
		0FDA05D02B910D0300E36AD8 /* TVMazeTabView.swift */ = {isa = PBXFileReference; lastKnownFileType = sourcecode.swift; path = TVMazeTabView.swift; sourceTree = "<group>"; };
		0FDA05D22B910D6200E36AD8 /* FavoritesListView.swift */ = {isa = PBXFileReference; lastKnownFileType = sourcecode.swift; path = FavoritesListView.swift; sourceTree = "<group>"; };
		0FDA05D52B910D8D00E36AD8 /* PeopleListView.swift */ = {isa = PBXFileReference; lastKnownFileType = sourcecode.swift; path = PeopleListView.swift; sourceTree = "<group>"; };
		0FDA05D82B9112C600E36AD8 /* FavoriteViewModel.swift */ = {isa = PBXFileReference; lastKnownFileType = sourcecode.swift; path = FavoriteViewModel.swift; sourceTree = "<group>"; };
/* End PBXFileReference section */

/* Begin PBXFrameworksBuildPhase section */
		0F3E9EA72B8F8E650053EE62 /* Frameworks */ = {
			isa = PBXFrameworksBuildPhase;
			buildActionMask = 2147483647;
			files = (
			);
			runOnlyForDeploymentPostprocessing = 0;
		};
		0F3E9EB72B8F8E670053EE62 /* Frameworks */ = {
			isa = PBXFrameworksBuildPhase;
			buildActionMask = 2147483647;
			files = (
			);
			runOnlyForDeploymentPostprocessing = 0;
		};
		0F3E9EC12B8F8E670053EE62 /* Frameworks */ = {
			isa = PBXFrameworksBuildPhase;
			buildActionMask = 2147483647;
			files = (
			);
			runOnlyForDeploymentPostprocessing = 0;
		};
/* End PBXFrameworksBuildPhase section */

/* Begin PBXGroup section */
		0F3E9EA12B8F8E650053EE62 = {
			isa = PBXGroup;
			children = (
				0F3E9EAC2B8F8E650053EE62 /* TVMazeApp */,
				0F3E9EBD2B8F8E670053EE62 /* TVMazeAppTests */,
				0F3E9EC72B8F8E670053EE62 /* TVMazeAppUITests */,
				0F3E9EAB2B8F8E650053EE62 /* Products */,
			);
			sourceTree = "<group>";
		};
		0F3E9EAB2B8F8E650053EE62 /* Products */ = {
			isa = PBXGroup;
			children = (
				0F3E9EAA2B8F8E650053EE62 /* TVMazeApp.app */,
				0F3E9EBA2B8F8E670053EE62 /* TVMazeAppTests.xctest */,
				0F3E9EC42B8F8E670053EE62 /* TVMazeAppUITests.xctest */,
			);
			name = Products;
			sourceTree = "<group>";
		};
		0F3E9EAC2B8F8E650053EE62 /* TVMazeApp */ = {
			isa = PBXGroup;
			children = (
				0F3E9EAD2B8F8E650053EE62 /* TVMazeAppApp.swift */,
				0F3E9EB12B8F8E670053EE62 /* Assets.xcassets */,
				0F3E9EFB2B8FE1C30053EE62 /* Extensions */,
				0F3E9EE32B8FB3C50053EE62 /* Managers */,
				0F3E9ED72B8F90E40053EE62 /* Model */,
				0F3E9EB32B8F8E670053EE62 /* Preview Content */,
				0F3E9EDC2B8F9C550053EE62 /* Screens */,
				0F3E9EE62B8FB4310053EE62 /* Utilities */,
				0F3E9EDF2B8FA7150053EE62 /* Views */,
			);
			path = TVMazeApp;
			sourceTree = "<group>";
		};
		0F3E9EB32B8F8E670053EE62 /* Preview Content */ = {
			isa = PBXGroup;
			children = (
				0F3E9EB42B8F8E670053EE62 /* Preview Assets.xcassets */,
			);
			path = "Preview Content";
			sourceTree = "<group>";
		};
		0F3E9EBD2B8F8E670053EE62 /* TVMazeAppTests */ = {
			isa = PBXGroup;
			children = (
				0F3E9EBE2B8F8E670053EE62 /* TVMazeAppTests.swift */,
			);
			path = TVMazeAppTests;
			sourceTree = "<group>";
		};
		0F3E9EC72B8F8E670053EE62 /* TVMazeAppUITests */ = {
			isa = PBXGroup;
			children = (
				0F3E9EC82B8F8E670053EE62 /* TVMazeAppUITests.swift */,
				0F3E9ECA2B8F8E670053EE62 /* TVMazeAppUITestsLaunchTests.swift */,
			);
			path = TVMazeAppUITests;
			sourceTree = "<group>";
		};
		0F3E9ED72B8F90E40053EE62 /* Model */ = {
			isa = PBXGroup;
			children = (
				0F3E9ED82B8F911A0053EE62 /* TVShowModel.swift */,
				0F3E9EDA2B8F92D20053EE62 /* MockData.swift */,
				0FD53C282B90CD6700BC21F9 /* SeasonModel.swift */,
				0FD53C2C2B90F18A00BC21F9 /* EpisodesModel.swift */,
				0FB07C5A2B936CBC00C6DA3E /* PersonModel.swift */,
			);
			path = Model;
			sourceTree = "<group>";
		};
		0F3E9EDC2B8F9C550053EE62 /* Screens */ = {
			isa = PBXGroup;
			children = (
				0FDA05D02B910D0300E36AD8 /* TVMazeTabView.swift */,
				0FDA05D72B91112D00E36AD8 /* PeopleSearch */,
				0FDA05D42B910D7500E36AD8 /* Favorites */,
				0FDA05CF2B910CD300E36AD8 /* Episode */,
				0FDA05CE2B910CCE00E36AD8 /* Seasons */,
				0FDA05CD2B910CC700E36AD8 /* TVShow */,
			);
			path = Screens;
			sourceTree = "<group>";
		};
		0F3E9EDF2B8FA7150053EE62 /* Views */ = {
			isa = PBXGroup;
			children = (
				0F3E9EF62B8FD60F0053EE62 /* UIKit */,
				0F3E9EE02B8FA7200053EE62 /* BackgroundView.swift */,
				0F3E9EF02B8FC5DC0053EE62 /* LoadingView.swift */,
				0F3E9EF22B8FCE850053EE62 /* RemoteImage.swift */,
			);
			path = Views;
			sourceTree = "<group>";
		};
		0F3E9EE32B8FB3C50053EE62 /* Managers */ = {
			isa = PBXGroup;
			children = (
				0F3E9EE42B8FB3F40053EE62 /* NetworkManager.swift */,
			);
			path = Managers;
			sourceTree = "<group>";
		};
		0F3E9EE62B8FB4310053EE62 /* Utilities */ = {
			isa = PBXGroup;
			children = (
				0F3E9EE72B8FB4470053EE62 /* CustomError.swift */,
				0F3E9EED2B8FC4740053EE62 /* AlertContext.swift */,
			);
			path = Utilities;
			sourceTree = "<group>";
		};
		0F3E9EF62B8FD60F0053EE62 /* UIKit */ = {
			isa = PBXGroup;
			children = (
			);
			path = UIKit;
			sourceTree = "<group>";
		};
		0F3E9EFB2B8FE1C30053EE62 /* Extensions */ = {
			isa = PBXGroup;
			children = (
				0F3E9EFC2B8FE1D60053EE62 /* String+Extensions.swift */,
			);
			path = Extensions;
			sourceTree = "<group>";
		};
		0FDA05CD2B910CC700E36AD8 /* TVShow */ = {
			isa = PBXGroup;
			children = (
				0F3E9EAF2B8F8E650053EE62 /* TVShowListView.swift */,
				0F3E9EDD2B8F9C910053EE62 /* TVShowDetailView.swift */,
				0F3E9EE92B8FC33C0053EE62 /* TVShowCellView.swift */,
				0F3E9EEB2B8FC42A0053EE62 /* TVShowViewModel.swift */,
			);
			path = TVShow;
			sourceTree = "<group>";
		};
		0FDA05CE2B910CCE00E36AD8 /* Seasons */ = {
			isa = PBXGroup;
			children = (
				0FD53C262B90BB4000BC21F9 /* SeasonsListView.swift */,
			);
			path = Seasons;
			sourceTree = "<group>";
		};
		0FDA05CF2B910CD300E36AD8 /* Episode */ = {
			isa = PBXGroup;
			children = (
				0FD53C2A2B90D43E00BC21F9 /* EpisodesListView.swift */,
				0FD53C2E2B90F6D100BC21F9 /* EpisodeDetailView.swift */,
			);
			path = Episode;
			sourceTree = "<group>";
		};
		0FDA05D42B910D7500E36AD8 /* Favorites */ = {
			isa = PBXGroup;
			children = (
				0FDA05D22B910D6200E36AD8 /* FavoritesListView.swift */,
				0FDA05D82B9112C600E36AD8 /* FavoriteViewModel.swift */,
			);
			path = Favorites;
			sourceTree = "<group>";
		};
		0FDA05D72B91112D00E36AD8 /* PeopleSearch */ = {
			isa = PBXGroup;
			children = (
				0FDA05D52B910D8D00E36AD8 /* PeopleListView.swift */,
				0FB07C5C2B936F0900C6DA3E /* PersonViewModel.swift */,
				0FB07C5E2B93723D00C6DA3E /* PersonCellView.swift */,
				0FB07C602B93726F00C6DA3E /* PersonDetailView.swift */,
			);
			path = PeopleSearch;
			sourceTree = "<group>";
		};
/* End PBXGroup section */

/* Begin PBXNativeTarget section */
		0F3E9EA92B8F8E650053EE62 /* TVMazeApp */ = {
			isa = PBXNativeTarget;
			buildConfigurationList = 0F3E9ECE2B8F8E670053EE62 /* Build configuration list for PBXNativeTarget "TVMazeApp" */;
			buildPhases = (
				0F3E9EA62B8F8E650053EE62 /* Sources */,
				0F3E9EA72B8F8E650053EE62 /* Frameworks */,
				0F3E9EA82B8F8E650053EE62 /* Resources */,
			);
			buildRules = (
			);
			dependencies = (
			);
			name = TVMazeApp;
			productName = TVMazeApp;
			productReference = 0F3E9EAA2B8F8E650053EE62 /* TVMazeApp.app */;
			productType = "com.apple.product-type.application";
		};
		0F3E9EB92B8F8E670053EE62 /* TVMazeAppTests */ = {
			isa = PBXNativeTarget;
			buildConfigurationList = 0F3E9ED12B8F8E670053EE62 /* Build configuration list for PBXNativeTarget "TVMazeAppTests" */;
			buildPhases = (
				0F3E9EB62B8F8E670053EE62 /* Sources */,
				0F3E9EB72B8F8E670053EE62 /* Frameworks */,
				0F3E9EB82B8F8E670053EE62 /* Resources */,
			);
			buildRules = (
			);
			dependencies = (
				0F3E9EBC2B8F8E670053EE62 /* PBXTargetDependency */,
			);
			name = TVMazeAppTests;
			productName = TVMazeAppTests;
			productReference = 0F3E9EBA2B8F8E670053EE62 /* TVMazeAppTests.xctest */;
			productType = "com.apple.product-type.bundle.unit-test";
		};
		0F3E9EC32B8F8E670053EE62 /* TVMazeAppUITests */ = {
			isa = PBXNativeTarget;
			buildConfigurationList = 0F3E9ED42B8F8E670053EE62 /* Build configuration list for PBXNativeTarget "TVMazeAppUITests" */;
			buildPhases = (
				0F3E9EC02B8F8E670053EE62 /* Sources */,
				0F3E9EC12B8F8E670053EE62 /* Frameworks */,
				0F3E9EC22B8F8E670053EE62 /* Resources */,
			);
			buildRules = (
			);
			dependencies = (
				0F3E9EC62B8F8E670053EE62 /* PBXTargetDependency */,
			);
			name = TVMazeAppUITests;
			productName = TVMazeAppUITests;
			productReference = 0F3E9EC42B8F8E670053EE62 /* TVMazeAppUITests.xctest */;
			productType = "com.apple.product-type.bundle.ui-testing";
		};
/* End PBXNativeTarget section */

/* Begin PBXProject section */
		0F3E9EA22B8F8E650053EE62 /* Project object */ = {
			isa = PBXProject;
			attributes = {
				BuildIndependentTargetsInParallel = 1;
				LastSwiftUpdateCheck = 1500;
				LastUpgradeCheck = 1500;
				TargetAttributes = {
					0F3E9EA92B8F8E650053EE62 = {
						CreatedOnToolsVersion = 15.0.1;
					};
					0F3E9EB92B8F8E670053EE62 = {
						CreatedOnToolsVersion = 15.0.1;
						TestTargetID = 0F3E9EA92B8F8E650053EE62;
					};
					0F3E9EC32B8F8E670053EE62 = {
						CreatedOnToolsVersion = 15.0.1;
						TestTargetID = 0F3E9EA92B8F8E650053EE62;
					};
				};
			};
			buildConfigurationList = 0F3E9EA52B8F8E650053EE62 /* Build configuration list for PBXProject "TVMazeApp" */;
			compatibilityVersion = "Xcode 14.0";
			developmentRegion = en;
			hasScannedForEncodings = 0;
			knownRegions = (
				en,
				Base,
			);
			mainGroup = 0F3E9EA12B8F8E650053EE62;
			productRefGroup = 0F3E9EAB2B8F8E650053EE62 /* Products */;
			projectDirPath = "";
			projectRoot = "";
			targets = (
				0F3E9EA92B8F8E650053EE62 /* TVMazeApp */,
				0F3E9EB92B8F8E670053EE62 /* TVMazeAppTests */,
				0F3E9EC32B8F8E670053EE62 /* TVMazeAppUITests */,
			);
		};
/* End PBXProject section */

/* Begin PBXResourcesBuildPhase section */
		0F3E9EA82B8F8E650053EE62 /* Resources */ = {
			isa = PBXResourcesBuildPhase;
			buildActionMask = 2147483647;
			files = (
				0F3E9EB52B8F8E670053EE62 /* Preview Assets.xcassets in Resources */,
				0F3E9EB22B8F8E670053EE62 /* Assets.xcassets in Resources */,
			);
			runOnlyForDeploymentPostprocessing = 0;
		};
		0F3E9EB82B8F8E670053EE62 /* Resources */ = {
			isa = PBXResourcesBuildPhase;
			buildActionMask = 2147483647;
			files = (
			);
			runOnlyForDeploymentPostprocessing = 0;
		};
		0F3E9EC22B8F8E670053EE62 /* Resources */ = {
			isa = PBXResourcesBuildPhase;
			buildActionMask = 2147483647;
			files = (
			);
			runOnlyForDeploymentPostprocessing = 0;
		};
/* End PBXResourcesBuildPhase section */

/* Begin PBXSourcesBuildPhase section */
		0F3E9EA62B8F8E650053EE62 /* Sources */ = {
			isa = PBXSourcesBuildPhase;
			buildActionMask = 2147483647;
			files = (
				0F3E9EE12B8FA7200053EE62 /* BackgroundView.swift in Sources */,
				0F3E9EE82B8FB4470053EE62 /* CustomError.swift in Sources */,
				0F3E9EB02B8F8E650053EE62 /* TVShowListView.swift in Sources */,
				0FD53C2D2B90F18A00BC21F9 /* EpisodesModel.swift in Sources */,
				0FDA05D92B9112C600E36AD8 /* FavoriteViewModel.swift in Sources */,
				0FD53C2B2B90D43E00BC21F9 /* EpisodesListView.swift in Sources */,
				0F3E9EFD2B8FE1D60053EE62 /* String+Extensions.swift in Sources */,
				0F3E9EDE2B8F9C910053EE62 /* TVShowDetailView.swift in Sources */,
				0FD53C2F2B90F6D100BC21F9 /* EpisodeDetailView.swift in Sources */,
				0FB07C5D2B936F0900C6DA3E /* PersonViewModel.swift in Sources */,
				0F3E9EE52B8FB3F40053EE62 /* NetworkManager.swift in Sources */,
				0FB07C5B2B936CBC00C6DA3E /* PersonModel.swift in Sources */,
				0FD53C292B90CD6700BC21F9 /* SeasonModel.swift in Sources */,
				0FB07C612B93726F00C6DA3E /* PersonDetailView.swift in Sources */,
				0F3E9EF32B8FCE860053EE62 /* RemoteImage.swift in Sources */,
				0FDA05D62B910D8D00E36AD8 /* PeopleListView.swift in Sources */,
				0FDA05D12B910D0300E36AD8 /* TVMazeTabView.swift in Sources */,
				0FD53C272B90BB4000BC21F9 /* SeasonsListView.swift in Sources */,
				0F3E9EF12B8FC5DC0053EE62 /* LoadingView.swift in Sources */,
				0F3E9EDB2B8F92D20053EE62 /* MockData.swift in Sources */,
				0F3E9EEA2B8FC33C0053EE62 /* TVShowCellView.swift in Sources */,
				0F3E9ED92B8F911A0053EE62 /* TVShowModel.swift in Sources */,
				0FDA05D32B910D6200E36AD8 /* FavoritesListView.swift in Sources */,
				0F3E9EAE2B8F8E650053EE62 /* TVMazeAppApp.swift in Sources */,
				0FB07C5F2B93723D00C6DA3E /* PersonCellView.swift in Sources */,
				0F3E9EEC2B8FC42A0053EE62 /* TVShowViewModel.swift in Sources */,
				0F3E9EEE2B8FC4740053EE62 /* AlertContext.swift in Sources */,
			);
			runOnlyForDeploymentPostprocessing = 0;
		};
		0F3E9EB62B8F8E670053EE62 /* Sources */ = {
			isa = PBXSourcesBuildPhase;
			buildActionMask = 2147483647;
			files = (
				0F3E9EBF2B8F8E670053EE62 /* TVMazeAppTests.swift in Sources */,
			);
			runOnlyForDeploymentPostprocessing = 0;
		};
		0F3E9EC02B8F8E670053EE62 /* Sources */ = {
			isa = PBXSourcesBuildPhase;
			buildActionMask = 2147483647;
			files = (
				0F3E9EC92B8F8E670053EE62 /* TVMazeAppUITests.swift in Sources */,
				0F3E9ECB2B8F8E670053EE62 /* TVMazeAppUITestsLaunchTests.swift in Sources */,
			);
			runOnlyForDeploymentPostprocessing = 0;
		};
/* End PBXSourcesBuildPhase section */

/* Begin PBXTargetDependency section */
		0F3E9EBC2B8F8E670053EE62 /* PBXTargetDependency */ = {
			isa = PBXTargetDependency;
			target = 0F3E9EA92B8F8E650053EE62 /* TVMazeApp */;
			targetProxy = 0F3E9EBB2B8F8E670053EE62 /* PBXContainerItemProxy */;
		};
		0F3E9EC62B8F8E670053EE62 /* PBXTargetDependency */ = {
			isa = PBXTargetDependency;
			target = 0F3E9EA92B8F8E650053EE62 /* TVMazeApp */;
			targetProxy = 0F3E9EC52B8F8E670053EE62 /* PBXContainerItemProxy */;
		};
/* End PBXTargetDependency section */

/* Begin XCBuildConfiguration section */
		0F3E9ECC2B8F8E670053EE62 /* Debug */ = {
			isa = XCBuildConfiguration;
			buildSettings = {
				ALWAYS_SEARCH_USER_PATHS = NO;
				ASSETCATALOG_COMPILER_GENERATE_SWIFT_ASSET_SYMBOL_EXTENSIONS = YES;
				CLANG_ANALYZER_NONNULL = YES;
				CLANG_ANALYZER_NUMBER_OBJECT_CONVERSION = YES_AGGRESSIVE;
				CLANG_CXX_LANGUAGE_STANDARD = "gnu++20";
				CLANG_ENABLE_MODULES = YES;
				CLANG_ENABLE_OBJC_ARC = YES;
				CLANG_ENABLE_OBJC_WEAK = YES;
				CLANG_WARN_BLOCK_CAPTURE_AUTORELEASING = YES;
				CLANG_WARN_BOOL_CONVERSION = YES;
				CLANG_WARN_COMMA = YES;
				CLANG_WARN_CONSTANT_CONVERSION = YES;
				CLANG_WARN_DEPRECATED_OBJC_IMPLEMENTATIONS = YES;
				CLANG_WARN_DIRECT_OBJC_ISA_USAGE = YES_ERROR;
				CLANG_WARN_DOCUMENTATION_COMMENTS = YES;
				CLANG_WARN_EMPTY_BODY = YES;
				CLANG_WARN_ENUM_CONVERSION = YES;
				CLANG_WARN_INFINITE_RECURSION = YES;
				CLANG_WARN_INT_CONVERSION = YES;
				CLANG_WARN_NON_LITERAL_NULL_CONVERSION = YES;
				CLANG_WARN_OBJC_IMPLICIT_RETAIN_SELF = YES;
				CLANG_WARN_OBJC_LITERAL_CONVERSION = YES;
				CLANG_WARN_OBJC_ROOT_CLASS = YES_ERROR;
				CLANG_WARN_QUOTED_INCLUDE_IN_FRAMEWORK_HEADER = YES;
				CLANG_WARN_RANGE_LOOP_ANALYSIS = YES;
				CLANG_WARN_STRICT_PROTOTYPES = YES;
				CLANG_WARN_SUSPICIOUS_MOVE = YES;
				CLANG_WARN_UNGUARDED_AVAILABILITY = YES_AGGRESSIVE;
				CLANG_WARN_UNREACHABLE_CODE = YES;
				CLANG_WARN__DUPLICATE_METHOD_MATCH = YES;
				COPY_PHASE_STRIP = NO;
				DEBUG_INFORMATION_FORMAT = dwarf;
				ENABLE_STRICT_OBJC_MSGSEND = YES;
				ENABLE_TESTABILITY = YES;
				ENABLE_USER_SCRIPT_SANDBOXING = YES;
				GCC_C_LANGUAGE_STANDARD = gnu17;
				GCC_DYNAMIC_NO_PIC = NO;
				GCC_NO_COMMON_BLOCKS = YES;
				GCC_OPTIMIZATION_LEVEL = 0;
				GCC_PREPROCESSOR_DEFINITIONS = (
					"DEBUG=1",
					"$(inherited)",
				);
				GCC_WARN_64_TO_32_BIT_CONVERSION = YES;
				GCC_WARN_ABOUT_RETURN_TYPE = YES_ERROR;
				GCC_WARN_UNDECLARED_SELECTOR = YES;
				GCC_WARN_UNINITIALIZED_AUTOS = YES_AGGRESSIVE;
				GCC_WARN_UNUSED_FUNCTION = YES;
				GCC_WARN_UNUSED_VARIABLE = YES;
				IPHONEOS_DEPLOYMENT_TARGET = 17.0;
				LOCALIZATION_PREFERS_STRING_CATALOGS = YES;
				MTL_ENABLE_DEBUG_INFO = INCLUDE_SOURCE;
				MTL_FAST_MATH = YES;
				ONLY_ACTIVE_ARCH = YES;
				SDKROOT = iphoneos;
				SWIFT_ACTIVE_COMPILATION_CONDITIONS = "DEBUG $(inherited)";
				SWIFT_OPTIMIZATION_LEVEL = "-Onone";
			};
			name = Debug;
		};
		0F3E9ECD2B8F8E670053EE62 /* Release */ = {
			isa = XCBuildConfiguration;
			buildSettings = {
				ALWAYS_SEARCH_USER_PATHS = NO;
				ASSETCATALOG_COMPILER_GENERATE_SWIFT_ASSET_SYMBOL_EXTENSIONS = YES;
				CLANG_ANALYZER_NONNULL = YES;
				CLANG_ANALYZER_NUMBER_OBJECT_CONVERSION = YES_AGGRESSIVE;
				CLANG_CXX_LANGUAGE_STANDARD = "gnu++20";
				CLANG_ENABLE_MODULES = YES;
				CLANG_ENABLE_OBJC_ARC = YES;
				CLANG_ENABLE_OBJC_WEAK = YES;
				CLANG_WARN_BLOCK_CAPTURE_AUTORELEASING = YES;
				CLANG_WARN_BOOL_CONVERSION = YES;
				CLANG_WARN_COMMA = YES;
				CLANG_WARN_CONSTANT_CONVERSION = YES;
				CLANG_WARN_DEPRECATED_OBJC_IMPLEMENTATIONS = YES;
				CLANG_WARN_DIRECT_OBJC_ISA_USAGE = YES_ERROR;
				CLANG_WARN_DOCUMENTATION_COMMENTS = YES;
				CLANG_WARN_EMPTY_BODY = YES;
				CLANG_WARN_ENUM_CONVERSION = YES;
				CLANG_WARN_INFINITE_RECURSION = YES;
				CLANG_WARN_INT_CONVERSION = YES;
				CLANG_WARN_NON_LITERAL_NULL_CONVERSION = YES;
				CLANG_WARN_OBJC_IMPLICIT_RETAIN_SELF = YES;
				CLANG_WARN_OBJC_LITERAL_CONVERSION = YES;
				CLANG_WARN_OBJC_ROOT_CLASS = YES_ERROR;
				CLANG_WARN_QUOTED_INCLUDE_IN_FRAMEWORK_HEADER = YES;
				CLANG_WARN_RANGE_LOOP_ANALYSIS = YES;
				CLANG_WARN_STRICT_PROTOTYPES = YES;
				CLANG_WARN_SUSPICIOUS_MOVE = YES;
				CLANG_WARN_UNGUARDED_AVAILABILITY = YES_AGGRESSIVE;
				CLANG_WARN_UNREACHABLE_CODE = YES;
				CLANG_WARN__DUPLICATE_METHOD_MATCH = YES;
				COPY_PHASE_STRIP = NO;
				DEBUG_INFORMATION_FORMAT = "dwarf-with-dsym";
				ENABLE_NS_ASSERTIONS = NO;
				ENABLE_STRICT_OBJC_MSGSEND = YES;
				ENABLE_USER_SCRIPT_SANDBOXING = YES;
				GCC_C_LANGUAGE_STANDARD = gnu17;
				GCC_NO_COMMON_BLOCKS = YES;
				GCC_WARN_64_TO_32_BIT_CONVERSION = YES;
				GCC_WARN_ABOUT_RETURN_TYPE = YES_ERROR;
				GCC_WARN_UNDECLARED_SELECTOR = YES;
				GCC_WARN_UNINITIALIZED_AUTOS = YES_AGGRESSIVE;
				GCC_WARN_UNUSED_FUNCTION = YES;
				GCC_WARN_UNUSED_VARIABLE = YES;
				IPHONEOS_DEPLOYMENT_TARGET = 17.0;
				LOCALIZATION_PREFERS_STRING_CATALOGS = YES;
				MTL_ENABLE_DEBUG_INFO = NO;
				MTL_FAST_MATH = YES;
				SDKROOT = iphoneos;
				SWIFT_COMPILATION_MODE = wholemodule;
				VALIDATE_PRODUCT = YES;
			};
			name = Release;
		};
		0F3E9ECF2B8F8E670053EE62 /* Debug */ = {
			isa = XCBuildConfiguration;
			buildSettings = {
				ASSETCATALOG_COMPILER_APPICON_NAME = AppIcon;
				ASSETCATALOG_COMPILER_GLOBAL_ACCENT_COLOR_NAME = AccentColor;
				CODE_SIGN_STYLE = Automatic;
				CURRENT_PROJECT_VERSION = 1;
				DEVELOPMENT_ASSET_PATHS = "\"TVMazeApp/Preview Content\"";
				DEVELOPMENT_TEAM = W4ZZT8C4F9;
				ENABLE_PREVIEWS = YES;
				GENERATE_INFOPLIST_FILE = YES;
				INFOPLIST_KEY_UIApplicationSceneManifest_Generation = YES;
				INFOPLIST_KEY_UIApplicationSupportsIndirectInputEvents = YES;
				INFOPLIST_KEY_UILaunchScreen_Generation = YES;
				INFOPLIST_KEY_UISupportedInterfaceOrientations = UIInterfaceOrientationPortrait;
				IPHONEOS_DEPLOYMENT_TARGET = 16.0;
				LD_RUNPATH_SEARCH_PATHS = (
					"$(inherited)",
					"@executable_path/Frameworks",
				);
				MARKETING_VERSION = 1.0;
				PRODUCT_BUNDLE_IDENTIFIER = com.jeannchuab.TVMazeApp;
				PRODUCT_NAME = "$(TARGET_NAME)";
				SWIFT_EMIT_LOC_STRINGS = YES;
				SWIFT_VERSION = 5.0;
				TARGETED_DEVICE_FAMILY = "1,2";
			};
			name = Debug;
		};
		0F3E9ED02B8F8E670053EE62 /* Release */ = {
			isa = XCBuildConfiguration;
			buildSettings = {
				ASSETCATALOG_COMPILER_APPICON_NAME = AppIcon;
				ASSETCATALOG_COMPILER_GLOBAL_ACCENT_COLOR_NAME = AccentColor;
				CODE_SIGN_STYLE = Automatic;
				CURRENT_PROJECT_VERSION = 1;
				DEVELOPMENT_ASSET_PATHS = "\"TVMazeApp/Preview Content\"";
				DEVELOPMENT_TEAM = W4ZZT8C4F9;
				ENABLE_PREVIEWS = YES;
				GENERATE_INFOPLIST_FILE = YES;
				INFOPLIST_KEY_UIApplicationSceneManifest_Generation = YES;
				INFOPLIST_KEY_UIApplicationSupportsIndirectInputEvents = YES;
				INFOPLIST_KEY_UILaunchScreen_Generation = YES;
				INFOPLIST_KEY_UISupportedInterfaceOrientations = UIInterfaceOrientationPortrait;
				IPHONEOS_DEPLOYMENT_TARGET = 16.0;
				LD_RUNPATH_SEARCH_PATHS = (
					"$(inherited)",
					"@executable_path/Frameworks",
				);
				MARKETING_VERSION = 1.0;
				PRODUCT_BUNDLE_IDENTIFIER = com.jeannchuab.TVMazeApp;
				PRODUCT_NAME = "$(TARGET_NAME)";
				SWIFT_EMIT_LOC_STRINGS = YES;
				SWIFT_VERSION = 5.0;
				TARGETED_DEVICE_FAMILY = "1,2";
			};
			name = Release;
		};
		0F3E9ED22B8F8E670053EE62 /* Debug */ = {
			isa = XCBuildConfiguration;
			buildSettings = {
				ALWAYS_EMBED_SWIFT_STANDARD_LIBRARIES = YES;
				BUNDLE_LOADER = "$(TEST_HOST)";
				CODE_SIGN_STYLE = Automatic;
				CURRENT_PROJECT_VERSION = 1;
				DEVELOPMENT_TEAM = FV84NP7NXG;
				GENERATE_INFOPLIST_FILE = YES;
				IPHONEOS_DEPLOYMENT_TARGET = 17.0;
				MARKETING_VERSION = 1.0;
				PRODUCT_BUNDLE_IDENTIFIER = com.jeannchuab.TVMazeAppTests;
				PRODUCT_NAME = "$(TARGET_NAME)";
				SWIFT_EMIT_LOC_STRINGS = NO;
				SWIFT_VERSION = 5.0;
				TARGETED_DEVICE_FAMILY = "1,2";
				TEST_HOST = "$(BUILT_PRODUCTS_DIR)/TVMazeApp.app/$(BUNDLE_EXECUTABLE_FOLDER_PATH)/TVMazeApp";
			};
			name = Debug;
		};
		0F3E9ED32B8F8E670053EE62 /* Release */ = {
			isa = XCBuildConfiguration;
			buildSettings = {
				ALWAYS_EMBED_SWIFT_STANDARD_LIBRARIES = YES;
				BUNDLE_LOADER = "$(TEST_HOST)";
				CODE_SIGN_STYLE = Automatic;
				CURRENT_PROJECT_VERSION = 1;
				DEVELOPMENT_TEAM = FV84NP7NXG;
				GENERATE_INFOPLIST_FILE = YES;
				IPHONEOS_DEPLOYMENT_TARGET = 17.0;
				MARKETING_VERSION = 1.0;
				PRODUCT_BUNDLE_IDENTIFIER = com.jeannchuab.TVMazeAppTests;
				PRODUCT_NAME = "$(TARGET_NAME)";
				SWIFT_EMIT_LOC_STRINGS = NO;
				SWIFT_VERSION = 5.0;
				TARGETED_DEVICE_FAMILY = "1,2";
				TEST_HOST = "$(BUILT_PRODUCTS_DIR)/TVMazeApp.app/$(BUNDLE_EXECUTABLE_FOLDER_PATH)/TVMazeApp";
			};
			name = Release;
		};
		0F3E9ED52B8F8E670053EE62 /* Debug */ = {
			isa = XCBuildConfiguration;
			buildSettings = {
				ALWAYS_EMBED_SWIFT_STANDARD_LIBRARIES = YES;
				CODE_SIGN_STYLE = Automatic;
				CURRENT_PROJECT_VERSION = 1;
				DEVELOPMENT_TEAM = FV84NP7NXG;
				GENERATE_INFOPLIST_FILE = YES;
				MARKETING_VERSION = 1.0;
				PRODUCT_BUNDLE_IDENTIFIER = com.jeannchuab.TVMazeAppUITests;
				PRODUCT_NAME = "$(TARGET_NAME)";
				SWIFT_EMIT_LOC_STRINGS = NO;
				SWIFT_VERSION = 5.0;
				TARGETED_DEVICE_FAMILY = "1,2";
				TEST_TARGET_NAME = TVMazeApp;
			};
			name = Debug;
		};
		0F3E9ED62B8F8E670053EE62 /* Release */ = {
			isa = XCBuildConfiguration;
			buildSettings = {
				ALWAYS_EMBED_SWIFT_STANDARD_LIBRARIES = YES;
				CODE_SIGN_STYLE = Automatic;
				CURRENT_PROJECT_VERSION = 1;
				DEVELOPMENT_TEAM = FV84NP7NXG;
				GENERATE_INFOPLIST_FILE = YES;
				MARKETING_VERSION = 1.0;
				PRODUCT_BUNDLE_IDENTIFIER = com.jeannchuab.TVMazeAppUITests;
				PRODUCT_NAME = "$(TARGET_NAME)";
				SWIFT_EMIT_LOC_STRINGS = NO;
				SWIFT_VERSION = 5.0;
				TARGETED_DEVICE_FAMILY = "1,2";
				TEST_TARGET_NAME = TVMazeApp;
			};
			name = Release;
		};
/* End XCBuildConfiguration section */

/* Begin XCConfigurationList section */
		0F3E9EA52B8F8E650053EE62 /* Build configuration list for PBXProject "TVMazeApp" */ = {
			isa = XCConfigurationList;
			buildConfigurations = (
				0F3E9ECC2B8F8E670053EE62 /* Debug */,
				0F3E9ECD2B8F8E670053EE62 /* Release */,
			);
			defaultConfigurationIsVisible = 0;
			defaultConfigurationName = Release;
		};
		0F3E9ECE2B8F8E670053EE62 /* Build configuration list for PBXNativeTarget "TVMazeApp" */ = {
			isa = XCConfigurationList;
			buildConfigurations = (
				0F3E9ECF2B8F8E670053EE62 /* Debug */,
				0F3E9ED02B8F8E670053EE62 /* Release */,
			);
			defaultConfigurationIsVisible = 0;
			defaultConfigurationName = Release;
		};
		0F3E9ED12B8F8E670053EE62 /* Build configuration list for PBXNativeTarget "TVMazeAppTests" */ = {
			isa = XCConfigurationList;
			buildConfigurations = (
				0F3E9ED22B8F8E670053EE62 /* Debug */,
				0F3E9ED32B8F8E670053EE62 /* Release */,
			);
			defaultConfigurationIsVisible = 0;
			defaultConfigurationName = Release;
		};
		0F3E9ED42B8F8E670053EE62 /* Build configuration list for PBXNativeTarget "TVMazeAppUITests" */ = {
			isa = XCConfigurationList;
			buildConfigurations = (
				0F3E9ED52B8F8E670053EE62 /* Debug */,
				0F3E9ED62B8F8E670053EE62 /* Release */,
			);
			defaultConfigurationIsVisible = 0;
			defaultConfigurationName = Release;
		};
/* End XCConfigurationList section */
	};
	rootObject = 0F3E9EA22B8F8E650053EE62 /* Project object */;
}
